
Microsoft Visual Studio Solution File, Format Version 12.00
# Visual Studio 2012
Project("{F2A71F9B-5D33-465A-A702-920D77279786}") = "1, 2", "1\1, 2.fsproj", "{023E475C-D3FB-47B9-BB74-9FAB7CBFE7C0}"
EndProject
Global
	GlobalSection(SolutionConfigurationPlatforms) = preSolution
		Debug|Any CPU = Debug|Any CPU
		Release|Any CPU = Release|Any CPU
	EndGlobalSection
	GlobalSection(ProjectConfigurationPlatforms) = postSolution
		{023E475C-D3FB-47B9-BB74-9FAB7CBFE7C0}.Debug|Any CPU.ActiveCfg = Debug|Any CPU
		{023E475C-D3FB-47B9-BB74-9FAB7CBFE7C0}.Debug|Any CPU.Build.0 = Debug|Any CPU
		{023E475C-D3FB-47B9-BB74-9FAB7CBFE7C0}.Release|Any CPU.ActiveCfg = Release|Any CPU
		{023E475C-D3FB-47B9-BB74-9FAB7CBFE7C0}.Release|Any CPU.Build.0 = Release|Any CPU
	EndGlobalSection
	GlobalSection(SolutionProperties) = preSolution
		HideSolutionNode = FALSE
	EndGlobalSection
EndGlobal
