
Microsoft Visual Studio Solution File, Format Version 12.00
# Visual Studio 2012
Project("{FAE04EC0-301F-11D3-BF4B-00C04F79EFBC}") = "KR", "KR\KR.csproj", "{C76763D3-F0DA-4459-82EE-9A2D55D2F09A}"
EndProject
Project("{FAE04EC0-301F-11D3-BF4B-00C04F79EFBC}") = "XOTest", "XOTest\XOTest.csproj", "{1102CE7C-7C8E-452F-AEEF-9B6D87BFBEB7}"
EndProject
Global
	GlobalSection(SolutionConfigurationPlatforms) = preSolution
		Debug|Any CPU = Debug|Any CPU
		Release|Any CPU = Release|Any CPU
	EndGlobalSection
	GlobalSection(ProjectConfigurationPlatforms) = postSolution
		{C76763D3-F0DA-4459-82EE-9A2D55D2F09A}.Debug|Any CPU.ActiveCfg = Debug|Any CPU
		{C76763D3-F0DA-4459-82EE-9A2D55D2F09A}.Debug|Any CPU.Build.0 = Debug|Any CPU
		{C76763D3-F0DA-4459-82EE-9A2D55D2F09A}.Release|Any CPU.ActiveCfg = Release|Any CPU
		{C76763D3-F0DA-4459-82EE-9A2D55D2F09A}.Release|Any CPU.Build.0 = Release|Any CPU
		{1102CE7C-7C8E-452F-AEEF-9B6D87BFBEB7}.Debug|Any CPU.ActiveCfg = Debug|Any CPU
		{1102CE7C-7C8E-452F-AEEF-9B6D87BFBEB7}.Debug|Any CPU.Build.0 = Debug|Any CPU
		{1102CE7C-7C8E-452F-AEEF-9B6D87BFBEB7}.Release|Any CPU.ActiveCfg = Release|Any CPU
		{1102CE7C-7C8E-452F-AEEF-9B6D87BFBEB7}.Release|Any CPU.Build.0 = Release|Any CPU
	EndGlobalSection
	GlobalSection(SolutionProperties) = preSolution
		HideSolutionNode = FALSE
	EndGlobalSection
EndGlobal
